// !$*UTF8*$!
{
	archiveVersion = 1;
	classes = {
	};
	objectVersion = 56;
	objects = {

/* Begin PBXBuildFile section */
		432EE2042B15C5E60063FB9C /* Routine.swift in Sources */ = {isa = PBXBuildFile; fileRef = 432EE2032B15C5E60063FB9C /* Routine.swift */; };
		4BAF62B92B18650A00170310 /* tuggle.swift in Sources */ = {isa = PBXBuildFile; fileRef = 4BAF62B82B18650A00170310 /* tuggle.swift */; };
		4BAF62BB2B18659500170310 /* localNotification.swift in Sources */ = {isa = PBXBuildFile; fileRef = 4BAF62BA2B18659500170310 /* localNotification.swift */; };
		4BAF62BD2B1865B300170310 /* oil.swift in Sources */ = {isa = PBXBuildFile; fileRef = 4BAF62BC2B1865B300170310 /* oil.swift */; };
		4BAF62BF2B1865E300170310 /* cut.swift in Sources */ = {isa = PBXBuildFile; fileRef = 4BAF62BE2B1865E300170310 /* cut.swift */; };
		4BAF62C12B18660C00170310 /* wavy.swift in Sources */ = {isa = PBXBuildFile; fileRef = 4BAF62C02B18660C00170310 /* wavy.swift */; };
		4BAF62C32B18662500170310 /* curly.swift in Sources */ = {isa = PBXBuildFile; fileRef = 4BAF62C22B18662500170310 /* curly.swift */; };
		4BAF62C52B18664400170310 /* straight.swift in Sources */ = {isa = PBXBuildFile; fileRef = 4BAF62C42B18664400170310 /* straight.swift */; };
		6BE3CED12B0F38A5009234A2 /* jadeelaApp.swift in Sources */ = {isa = PBXBuildFile; fileRef = 6BE3CED02B0F38A5009234A2 /* jadeelaApp.swift */; };
		6BE3CED32B0F38A5009234A2 /* ContentView.swift in Sources */ = {isa = PBXBuildFile; fileRef = 6BE3CED22B0F38A5009234A2 /* ContentView.swift */; };
		6BE3CED52B0F38A6009234A2 /* Assets.xcassets in Resources */ = {isa = PBXBuildFile; fileRef = 6BE3CED42B0F38A6009234A2 /* Assets.xcassets */; };
		6BE3CED82B0F38A6009234A2 /* Preview Assets.xcassets in Resources */ = {isa = PBXBuildFile; fileRef = 6BE3CED72B0F38A6009234A2 /* Preview Assets.xcassets */; };
		6BE3CEE22B0F38A6009234A2 /* jadeelaTests.swift in Sources */ = {isa = PBXBuildFile; fileRef = 6BE3CEE12B0F38A6009234A2 /* jadeelaTests.swift */; };
		6BE3CEEC2B0F38A6009234A2 /* jadeelaUITests.swift in Sources */ = {isa = PBXBuildFile; fileRef = 6BE3CEEB2B0F38A6009234A2 /* jadeelaUITests.swift */; };
		6BE3CEEE2B0F38A6009234A2 /* jadeelaUITestsLaunchTests.swift in Sources */ = {isa = PBXBuildFile; fileRef = 6BE3CEED2B0F38A6009234A2 /* jadeelaUITestsLaunchTests.swift */; };
		6BE3CEFD2B0F40D2009234A2 /* SplashScreen.swift in Sources */ = {isa = PBXBuildFile; fileRef = 6BE3CEFC2B0F40D2009234A2 /* SplashScreen.swift */; };
		6BE3CEFF2B0F98D8009234A2 /* Camera.swift in Sources */ = {isa = PBXBuildFile; fileRef = 6BE3CEFE2B0F98D8009234A2 /* Camera.swift */; };
		A2372FCF2B1C7735001F5758 /* Task.swift in Sources */ = {isa = PBXBuildFile; fileRef = A2372FCE2B1C7735001F5758 /* Task.swift */; };
		A2372FD52B1DD42D001F5758 /* MyImageClassifier.mlmodel in Sources */ = {isa = PBXBuildFile; fileRef = A2372FD42B1DD42D001F5758 /* MyImageClassifier.mlmodel */; };
/* End PBXBuildFile section */

/* Begin PBXContainerItemProxy section */
		6BE3CEDE2B0F38A6009234A2 /* PBXContainerItemProxy */ = {
			isa = PBXContainerItemProxy;
			containerPortal = 6BE3CEC52B0F38A5009234A2 /* Project object */;
			proxyType = 1;
			remoteGlobalIDString = 6BE3CECC2B0F38A5009234A2;
			remoteInfo = jadeela;
		};
		6BE3CEE82B0F38A6009234A2 /* PBXContainerItemProxy */ = {
			isa = PBXContainerItemProxy;
			containerPortal = 6BE3CEC52B0F38A5009234A2 /* Project object */;
			proxyType = 1;
			remoteGlobalIDString = 6BE3CECC2B0F38A5009234A2;
			remoteInfo = jadeela;
		};
/* End PBXContainerItemProxy section */

/* Begin PBXFileReference section */
		432EE2032B15C5E60063FB9C /* Routine.swift */ = {isa = PBXFileReference; lastKnownFileType = sourcecode.swift; path = Routine.swift; sourceTree = "<group>"; };
		4BAF62B82B18650A00170310 /* tuggle.swift */ = {isa = PBXFileReference; lastKnownFileType = sourcecode.swift; path = tuggle.swift; sourceTree = "<group>"; };
		4BAF62BA2B18659500170310 /* localNotification.swift */ = {isa = PBXFileReference; lastKnownFileType = sourcecode.swift; path = localNotification.swift; sourceTree = "<group>"; };
		4BAF62BC2B1865B300170310 /* oil.swift */ = {isa = PBXFileReference; lastKnownFileType = sourcecode.swift; path = oil.swift; sourceTree = "<group>"; };
		4BAF62BE2B1865E300170310 /* cut.swift */ = {isa = PBXFileReference; lastKnownFileType = sourcecode.swift; path = cut.swift; sourceTree = "<group>"; };
		4BAF62C02B18660C00170310 /* wavy.swift */ = {isa = PBXFileReference; lastKnownFileType = sourcecode.swift; path = wavy.swift; sourceTree = "<group>"; };
		4BAF62C22B18662500170310 /* curly.swift */ = {isa = PBXFileReference; lastKnownFileType = sourcecode.swift; path = curly.swift; sourceTree = "<group>"; };
		4BAF62C42B18664400170310 /* straight.swift */ = {isa = PBXFileReference; lastKnownFileType = sourcecode.swift; path = straight.swift; sourceTree = "<group>"; };
		6BE3CECD2B0F38A5009234A2 /* jadeela.app */ = {isa = PBXFileReference; explicitFileType = wrapper.application; includeInIndex = 0; path = jadeela.app; sourceTree = BUILT_PRODUCTS_DIR; };
		6BE3CED02B0F38A5009234A2 /* jadeelaApp.swift */ = {isa = PBXFileReference; lastKnownFileType = sourcecode.swift; path = jadeelaApp.swift; sourceTree = "<group>"; };
		6BE3CED22B0F38A5009234A2 /* ContentView.swift */ = {isa = PBXFileReference; lastKnownFileType = sourcecode.swift; path = ContentView.swift; sourceTree = "<group>"; };
		6BE3CED42B0F38A6009234A2 /* Assets.xcassets */ = {isa = PBXFileReference; lastKnownFileType = folder.assetcatalog; path = Assets.xcassets; sourceTree = "<group>"; };
		6BE3CED72B0F38A6009234A2 /* Preview Assets.xcassets */ = {isa = PBXFileReference; lastKnownFileType = folder.assetcatalog; path = "Preview Assets.xcassets"; sourceTree = "<group>"; };
		6BE3CEDD2B0F38A6009234A2 /* jadeelaTests.xctest */ = {isa = PBXFileReference; explicitFileType = wrapper.cfbundle; includeInIndex = 0; path = jadeelaTests.xctest; sourceTree = BUILT_PRODUCTS_DIR; };
		6BE3CEE12B0F38A6009234A2 /* jadeelaTests.swift */ = {isa = PBXFileReference; lastKnownFileType = sourcecode.swift; path = jadeelaTests.swift; sourceTree = "<group>"; };
		6BE3CEE72B0F38A6009234A2 /* jadeelaUITests.xctest */ = {isa = PBXFileReference; explicitFileType = wrapper.cfbundle; includeInIndex = 0; path = jadeelaUITests.xctest; sourceTree = BUILT_PRODUCTS_DIR; };
		6BE3CEEB2B0F38A6009234A2 /* jadeelaUITests.swift */ = {isa = PBXFileReference; lastKnownFileType = sourcecode.swift; path = jadeelaUITests.swift; sourceTree = "<group>"; };
		6BE3CEED2B0F38A6009234A2 /* jadeelaUITestsLaunchTests.swift */ = {isa = PBXFileReference; lastKnownFileType = sourcecode.swift; path = jadeelaUITestsLaunchTests.swift; sourceTree = "<group>"; };
		6BE3CEFC2B0F40D2009234A2 /* SplashScreen.swift */ = {isa = PBXFileReference; lastKnownFileType = sourcecode.swift; path = SplashScreen.swift; sourceTree = "<group>"; };
		6BE3CEFE2B0F98D8009234A2 /* Camera.swift */ = {isa = PBXFileReference; lastKnownFileType = sourcecode.swift; path = Camera.swift; sourceTree = "<group>"; };
		A2372FCE2B1C7735001F5758 /* Task.swift */ = {isa = PBXFileReference; lastKnownFileType = sourcecode.swift; path = Task.swift; sourceTree = "<group>"; };
		A2372FD42B1DD42D001F5758 /* MyImageClassifier.mlmodel */ = {isa = PBXFileReference; lastKnownFileType = file.mlmodel; name = MyImageClassifier.mlmodel; path = "../../../Downloads/jadeela2 5/jadeela/MyImageClassifier.mlmodel"; sourceTree = "<group>"; };
/* End PBXFileReference section */

/* Begin PBXFrameworksBuildPhase section */
		6BE3CECA2B0F38A5009234A2 /* Frameworks */ = {
			isa = PBXFrameworksBuildPhase;
			buildActionMask = 2147483647;
			files = (
			);
			runOnlyForDeploymentPostprocessing = 0;
		};
		6BE3CEDA2B0F38A6009234A2 /* Frameworks */ = {
			isa = PBXFrameworksBuildPhase;
			buildActionMask = 2147483647;
			files = (
			);
			runOnlyForDeploymentPostprocessing = 0;
		};
		6BE3CEE42B0F38A6009234A2 /* Frameworks */ = {
			isa = PBXFrameworksBuildPhase;
			buildActionMask = 2147483647;
			files = (
			);
			runOnlyForDeploymentPostprocessing = 0;
		};
/* End PBXFrameworksBuildPhase section */

/* Begin PBXGroup section */
		6BE3CEC42B0F38A5009234A2 = {
			isa = PBXGroup;
			children = (
				6BE3CECF2B0F38A5009234A2 /* jadeela */,
				6BE3CEE02B0F38A6009234A2 /* jadeelaTests */,
				6BE3CEEA2B0F38A6009234A2 /* jadeelaUITests */,
				6BE3CECE2B0F38A5009234A2 /* Products */,
			);
			sourceTree = "<group>";
		};
		6BE3CECE2B0F38A5009234A2 /* Products */ = {
			isa = PBXGroup;
			children = (
				6BE3CECD2B0F38A5009234A2 /* jadeela.app */,
				6BE3CEDD2B0F38A6009234A2 /* jadeelaTests.xctest */,
				6BE3CEE72B0F38A6009234A2 /* jadeelaUITests.xctest */,
			);
			name = Products;
			sourceTree = "<group>";
		};
		6BE3CECF2B0F38A5009234A2 /* jadeela */ = {
			isa = PBXGroup;
			children = (
				6BE3CED02B0F38A5009234A2 /* jadeelaApp.swift */,
				6BE3CEFC2B0F40D2009234A2 /* SplashScreen.swift */,
				6BE3CED22B0F38A5009234A2 /* ContentView.swift */,
				432EE2032B15C5E60063FB9C /* Routine.swift */,
				6BE3CEFE2B0F98D8009234A2 /* Camera.swift */,
				4BAF62BA2B18659500170310 /* localNotification.swift */,
				4BAF62B82B18650A00170310 /* tuggle.swift */,
				4BAF62BC2B1865B300170310 /* oil.swift */,
				4BAF62BE2B1865E300170310 /* cut.swift */,
				A2372FCE2B1C7735001F5758 /* Task.swift */,
				4BAF62C02B18660C00170310 /* wavy.swift */,
				4BAF62C22B18662500170310 /* curly.swift */,
				4BAF62C42B18664400170310 /* straight.swift */,
				A2372FD42B1DD42D001F5758 /* MyImageClassifier.mlmodel */,
				6BE3CED42B0F38A6009234A2 /* Assets.xcassets */,
				6BE3CED62B0F38A6009234A2 /* Preview Content */,
			);
			path = jadeela;
			sourceTree = "<group>";
		};
		6BE3CED62B0F38A6009234A2 /* Preview Content */ = {
			isa = PBXGroup;
			children = (
				6BE3CED72B0F38A6009234A2 /* Preview Assets.xcassets */,
			);
			path = "Preview Content";
			sourceTree = "<group>";
		};
		6BE3CEE02B0F38A6009234A2 /* jadeelaTests */ = {
			isa = PBXGroup;
			children = (
				6BE3CEE12B0F38A6009234A2 /* jadeelaTests.swift */,
			);
			path = jadeelaTests;
			sourceTree = "<group>";
		};
		6BE3CEEA2B0F38A6009234A2 /* jadeelaUITests */ = {
			isa = PBXGroup;
			children = (
				6BE3CEEB2B0F38A6009234A2 /* jadeelaUITests.swift */,
				6BE3CEED2B0F38A6009234A2 /* jadeelaUITestsLaunchTests.swift */,
			);
			path = jadeelaUITests;
			sourceTree = "<group>";
		};
/* End PBXGroup section */

/* Begin PBXNativeTarget section */
		6BE3CECC2B0F38A5009234A2 /* jadeela */ = {
			isa = PBXNativeTarget;
			buildConfigurationList = 6BE3CEF12B0F38A6009234A2 /* Build configuration list for PBXNativeTarget "jadeela" */;
			buildPhases = (
				6BE3CEC92B0F38A5009234A2 /* Sources */,
				6BE3CECA2B0F38A5009234A2 /* Frameworks */,
				6BE3CECB2B0F38A5009234A2 /* Resources */,
			);
			buildRules = (
			);
			dependencies = (
			);
			name = jadeela;
			productName = jadeela;
			productReference = 6BE3CECD2B0F38A5009234A2 /* jadeela.app */;
			productType = "com.apple.product-type.application";
		};
		6BE3CEDC2B0F38A6009234A2 /* jadeelaTests */ = {
			isa = PBXNativeTarget;
			buildConfigurationList = 6BE3CEF42B0F38A6009234A2 /* Build configuration list for PBXNativeTarget "jadeelaTests" */;
			buildPhases = (
				6BE3CED92B0F38A6009234A2 /* Sources */,
				6BE3CEDA2B0F38A6009234A2 /* Frameworks */,
				6BE3CEDB2B0F38A6009234A2 /* Resources */,
			);
			buildRules = (
			);
			dependencies = (
				6BE3CEDF2B0F38A6009234A2 /* PBXTargetDependency */,
			);
			name = jadeelaTests;
			productName = jadeelaTests;
			productReference = 6BE3CEDD2B0F38A6009234A2 /* jadeelaTests.xctest */;
			productType = "com.apple.product-type.bundle.unit-test";
		};
		6BE3CEE62B0F38A6009234A2 /* jadeelaUITests */ = {
			isa = PBXNativeTarget;
			buildConfigurationList = 6BE3CEF72B0F38A6009234A2 /* Build configuration list for PBXNativeTarget "jadeelaUITests" */;
			buildPhases = (
				6BE3CEE32B0F38A6009234A2 /* Sources */,
				6BE3CEE42B0F38A6009234A2 /* Frameworks */,
				6BE3CEE52B0F38A6009234A2 /* Resources */,
			);
			buildRules = (
			);
			dependencies = (
				6BE3CEE92B0F38A6009234A2 /* PBXTargetDependency */,
			);
			name = jadeelaUITests;
			productName = jadeelaUITests;
			productReference = 6BE3CEE72B0F38A6009234A2 /* jadeelaUITests.xctest */;
			productType = "com.apple.product-type.bundle.ui-testing";
		};
/* End PBXNativeTarget section */

/* Begin PBXProject section */
		6BE3CEC52B0F38A5009234A2 /* Project object */ = {
			isa = PBXProject;
			attributes = {
				BuildIndependentTargetsInParallel = 1;
				LastSwiftUpdateCheck = 1500;
				LastUpgradeCheck = 1500;
				TargetAttributes = {
					6BE3CECC2B0F38A5009234A2 = {
						CreatedOnToolsVersion = 15.0.1;
					};
					6BE3CEDC2B0F38A6009234A2 = {
						CreatedOnToolsVersion = 15.0.1;
						TestTargetID = 6BE3CECC2B0F38A5009234A2;
					};
					6BE3CEE62B0F38A6009234A2 = {
						CreatedOnToolsVersion = 15.0.1;
						TestTargetID = 6BE3CECC2B0F38A5009234A2;
					};
				};
			};
			buildConfigurationList = 6BE3CEC82B0F38A5009234A2 /* Build configuration list for PBXProject "jadeela" */;
			compatibilityVersion = "Xcode 14.0";
			developmentRegion = en;
			hasScannedForEncodings = 0;
			knownRegions = (
				en,
				Base,
			);
			mainGroup = 6BE3CEC42B0F38A5009234A2;
			productRefGroup = 6BE3CECE2B0F38A5009234A2 /* Products */;
			projectDirPath = "";
			projectRoot = "";
			targets = (
				6BE3CECC2B0F38A5009234A2 /* jadeela */,
				6BE3CEDC2B0F38A6009234A2 /* jadeelaTests */,
				6BE3CEE62B0F38A6009234A2 /* jadeelaUITests */,
			);
		};
/* End PBXProject section */

/* Begin PBXResourcesBuildPhase section */
		6BE3CECB2B0F38A5009234A2 /* Resources */ = {
			isa = PBXResourcesBuildPhase;
			buildActionMask = 2147483647;
			files = (
				6BE3CED82B0F38A6009234A2 /* Preview Assets.xcassets in Resources */,
				6BE3CED52B0F38A6009234A2 /* Assets.xcassets in Resources */,
			);
			runOnlyForDeploymentPostprocessing = 0;
		};
		6BE3CEDB2B0F38A6009234A2 /* Resources */ = {
			isa = PBXResourcesBuildPhase;
			buildActionMask = 2147483647;
			files = (
			);
			runOnlyForDeploymentPostprocessing = 0;
		};
		6BE3CEE52B0F38A6009234A2 /* Resources */ = {
			isa = PBXResourcesBuildPhase;
			buildActionMask = 2147483647;
			files = (
			);
			runOnlyForDeploymentPostprocessing = 0;
		};
/* End PBXResourcesBuildPhase section */

/* Begin PBXSourcesBuildPhase section */
		6BE3CEC92B0F38A5009234A2 /* Sources */ = {
			isa = PBXSourcesBuildPhase;
			buildActionMask = 2147483647;
			files = (
				4BAF62BF2B1865E300170310 /* cut.swift in Sources */,
				4BAF62BD2B1865B300170310 /* oil.swift in Sources */,
				4BAF62C32B18662500170310 /* curly.swift in Sources */,
				4BAF62C52B18664400170310 /* straight.swift in Sources */,
				6BE3CEFF2B0F98D8009234A2 /* Camera.swift in Sources */,
				6BE3CEFD2B0F40D2009234A2 /* SplashScreen.swift in Sources */,
				4BAF62BB2B18659500170310 /* localNotification.swift in Sources */,
				432EE2042B15C5E60063FB9C /* Routine.swift in Sources */,
				4BAF62B92B18650A00170310 /* tuggle.swift in Sources */,
				A2372FD52B1DD42D001F5758 /* MyImageClassifier.mlmodel in Sources */,
				6BE3CED32B0F38A5009234A2 /* ContentView.swift in Sources */,
				4BAF62C12B18660C00170310 /* wavy.swift in Sources */,
				A2372FCF2B1C7735001F5758 /* Task.swift in Sources */,
				6BE3CED12B0F38A5009234A2 /* jadeelaApp.swift in Sources */,
			);
			runOnlyForDeploymentPostprocessing = 0;
		};
		6BE3CED92B0F38A6009234A2 /* Sources */ = {
			isa = PBXSourcesBuildPhase;
			buildActionMask = 2147483647;
			files = (
				6BE3CEE22B0F38A6009234A2 /* jadeelaTests.swift in Sources */,
			);
			runOnlyForDeploymentPostprocessing = 0;
		};
		6BE3CEE32B0F38A6009234A2 /* Sources */ = {
			isa = PBXSourcesBuildPhase;
			buildActionMask = 2147483647;
			files = (
				6BE3CEEC2B0F38A6009234A2 /* jadeelaUITests.swift in Sources */,
				6BE3CEEE2B0F38A6009234A2 /* jadeelaUITestsLaunchTests.swift in Sources */,
			);
			runOnlyForDeploymentPostprocessing = 0;
		};
/* End PBXSourcesBuildPhase section */

/* Begin PBXTargetDependency section */
		6BE3CEDF2B0F38A6009234A2 /* PBXTargetDependency */ = {
			isa = PBXTargetDependency;
			target = 6BE3CECC2B0F38A5009234A2 /* jadeela */;
			targetProxy = 6BE3CEDE2B0F38A6009234A2 /* PBXContainerItemProxy */;
		};
		6BE3CEE92B0F38A6009234A2 /* PBXTargetDependency */ = {
			isa = PBXTargetDependency;
			target = 6BE3CECC2B0F38A5009234A2 /* jadeela */;
			targetProxy = 6BE3CEE82B0F38A6009234A2 /* PBXContainerItemProxy */;
		};
/* End PBXTargetDependency section */

/* Begin XCBuildConfiguration section */
		6BE3CEEF2B0F38A6009234A2 /* Debug */ = {
			isa = XCBuildConfiguration;
			buildSettings = {
				ALWAYS_SEARCH_USER_PATHS = NO;
				ASSETCATALOG_COMPILER_GENERATE_SWIFT_ASSET_SYMBOL_EXTENSIONS = YES;
				CLANG_ANALYZER_NONNULL = YES;
				CLANG_ANALYZER_NUMBER_OBJECT_CONVERSION = YES_AGGRESSIVE;
				CLANG_CXX_LANGUAGE_STANDARD = "gnu++20";
				CLANG_ENABLE_MODULES = YES;
				CLANG_ENABLE_OBJC_ARC = YES;
				CLANG_ENABLE_OBJC_WEAK = YES;
				CLANG_WARN_BLOCK_CAPTURE_AUTORELEASING = YES;
				CLANG_WARN_BOOL_CONVERSION = YES;
				CLANG_WARN_COMMA = YES;
				CLANG_WARN_CONSTANT_CONVERSION = YES;
				CLANG_WARN_DEPRECATED_OBJC_IMPLEMENTATIONS = YES;
				CLANG_WARN_DIRECT_OBJC_ISA_USAGE = YES_ERROR;
				CLANG_WARN_DOCUMENTATION_COMMENTS = YES;
				CLANG_WARN_EMPTY_BODY = YES;
				CLANG_WARN_ENUM_CONVERSION = YES;
				CLANG_WARN_INFINITE_RECURSION = YES;
				CLANG_WARN_INT_CONVERSION = YES;
				CLANG_WARN_NON_LITERAL_NULL_CONVERSION = YES;
				CLANG_WARN_OBJC_IMPLICIT_RETAIN_SELF = YES;
				CLANG_WARN_OBJC_LITERAL_CONVERSION = YES;
				CLANG_WARN_OBJC_ROOT_CLASS = YES_ERROR;
				CLANG_WARN_QUOTED_INCLUDE_IN_FRAMEWORK_HEADER = YES;
				CLANG_WARN_RANGE_LOOP_ANALYSIS = YES;
				CLANG_WARN_STRICT_PROTOTYPES = YES;
				CLANG_WARN_SUSPICIOUS_MOVE = YES;
				CLANG_WARN_UNGUARDED_AVAILABILITY = YES_AGGRESSIVE;
				CLANG_WARN_UNREACHABLE_CODE = YES;
				CLANG_WARN__DUPLICATE_METHOD_MATCH = YES;
				COPY_PHASE_STRIP = NO;
				DEBUG_INFORMATION_FORMAT = dwarf;
				ENABLE_STRICT_OBJC_MSGSEND = YES;
				ENABLE_TESTABILITY = YES;
				ENABLE_USER_SCRIPT_SANDBOXING = YES;
				GCC_C_LANGUAGE_STANDARD = gnu17;
				GCC_DYNAMIC_NO_PIC = NO;
				GCC_NO_COMMON_BLOCKS = YES;
				GCC_OPTIMIZATION_LEVEL = 0;
				GCC_PREPROCESSOR_DEFINITIONS = (
					"DEBUG=1",
					"$(inherited)",
				);
				GCC_WARN_64_TO_32_BIT_CONVERSION = YES;
				GCC_WARN_ABOUT_RETURN_TYPE = YES_ERROR;
				GCC_WARN_UNDECLARED_SELECTOR = YES;
				GCC_WARN_UNINITIALIZED_AUTOS = YES_AGGRESSIVE;
				GCC_WARN_UNUSED_FUNCTION = YES;
				GCC_WARN_UNUSED_VARIABLE = YES;
				IPHONEOS_DEPLOYMENT_TARGET = 17.0;
				LOCALIZATION_PREFERS_STRING_CATALOGS = YES;
				MTL_ENABLE_DEBUG_INFO = INCLUDE_SOURCE;
				MTL_FAST_MATH = YES;
				ONLY_ACTIVE_ARCH = YES;
				SDKROOT = iphoneos;
				SWIFT_ACTIVE_COMPILATION_CONDITIONS = "DEBUG $(inherited)";
				SWIFT_OPTIMIZATION_LEVEL = "-Onone";
			};
			name = Debug;
		};
		6BE3CEF02B0F38A6009234A2 /* Release */ = {
			isa = XCBuildConfiguration;
			buildSettings = {
				ALWAYS_SEARCH_USER_PATHS = NO;
				ASSETCATALOG_COMPILER_GENERATE_SWIFT_ASSET_SYMBOL_EXTENSIONS = YES;
				CLANG_ANALYZER_NONNULL = YES;
				CLANG_ANALYZER_NUMBER_OBJECT_CONVERSION = YES_AGGRESSIVE;
				CLANG_CXX_LANGUAGE_STANDARD = "gnu++20";
				CLANG_ENABLE_MODULES = YES;
				CLANG_ENABLE_OBJC_ARC = YES;
				CLANG_ENABLE_OBJC_WEAK = YES;
				CLANG_WARN_BLOCK_CAPTURE_AUTORELEASING = YES;
				CLANG_WARN_BOOL_CONVERSION = YES;
				CLANG_WARN_COMMA = YES;
				CLANG_WARN_CONSTANT_CONVERSION = YES;
				CLANG_WARN_DEPRECATED_OBJC_IMPLEMENTATIONS = YES;
				CLANG_WARN_DIRECT_OBJC_ISA_USAGE = YES_ERROR;
				CLANG_WARN_DOCUMENTATION_COMMENTS = YES;
				CLANG_WARN_EMPTY_BODY = YES;
				CLANG_WARN_ENUM_CONVERSION = YES;
				CLANG_WARN_INFINITE_RECURSION = YES;
				CLANG_WARN_INT_CONVERSION = YES;
				CLANG_WARN_NON_LITERAL_NULL_CONVERSION = YES;
				CLANG_WARN_OBJC_IMPLICIT_RETAIN_SELF = YES;
				CLANG_WARN_OBJC_LITERAL_CONVERSION = YES;
				CLANG_WARN_OBJC_ROOT_CLASS = YES_ERROR;
				CLANG_WARN_QUOTED_INCLUDE_IN_FRAMEWORK_HEADER = YES;
				CLANG_WARN_RANGE_LOOP_ANALYSIS = YES;
				CLANG_WARN_STRICT_PROTOTYPES = YES;
				CLANG_WARN_SUSPICIOUS_MOVE = YES;
				CLANG_WARN_UNGUARDED_AVAILABILITY = YES_AGGRESSIVE;
				CLANG_WARN_UNREACHABLE_CODE = YES;
				CLANG_WARN__DUPLICATE_METHOD_MATCH = YES;
				COPY_PHASE_STRIP = NO;
				DEBUG_INFORMATION_FORMAT = "dwarf-with-dsym";
				ENABLE_NS_ASSERTIONS = NO;
				ENABLE_STRICT_OBJC_MSGSEND = YES;
				ENABLE_USER_SCRIPT_SANDBOXING = YES;
				GCC_C_LANGUAGE_STANDARD = gnu17;
				GCC_NO_COMMON_BLOCKS = YES;
				GCC_WARN_64_TO_32_BIT_CONVERSION = YES;
				GCC_WARN_ABOUT_RETURN_TYPE = YES_ERROR;
				GCC_WARN_UNDECLARED_SELECTOR = YES;
				GCC_WARN_UNINITIALIZED_AUTOS = YES_AGGRESSIVE;
				GCC_WARN_UNUSED_FUNCTION = YES;
				GCC_WARN_UNUSED_VARIABLE = YES;
				IPHONEOS_DEPLOYMENT_TARGET = 17.0;
				LOCALIZATION_PREFERS_STRING_CATALOGS = YES;
				MTL_ENABLE_DEBUG_INFO = NO;
				MTL_FAST_MATH = YES;
				SDKROOT = iphoneos;
				SWIFT_COMPILATION_MODE = wholemodule;
				VALIDATE_PRODUCT = YES;
			};
			name = Release;
		};
		6BE3CEF22B0F38A6009234A2 /* Debug */ = {
			isa = XCBuildConfiguration;
			buildSettings = {
				ASSETCATALOG_COMPILER_APPICON_NAME = AppIcon;
				ASSETCATALOG_COMPILER_GLOBAL_ACCENT_COLOR_NAME = AccentColor;
				CODE_SIGN_STYLE = Automatic;
				CURRENT_PROJECT_VERSION = 1;
				DEVELOPMENT_ASSET_PATHS = "\"jadeela/Preview Content\"";
				DEVELOPMENT_TEAM = T739AFC8K5;
				ENABLE_PREVIEWS = YES;
				GENERATE_INFOPLIST_FILE = YES;
				INFOPLIST_KEY_NSCameraUsageDescription = " To take picture and detect your hair.";
				INFOPLIST_KEY_UIApplicationSceneManifest_Generation = YES;
				INFOPLIST_KEY_UIApplicationSupportsIndirectInputEvents = YES;
				INFOPLIST_KEY_UILaunchScreen_Generation = YES;
				INFOPLIST_KEY_UISupportedInterfaceOrientations_iPad = "UIInterfaceOrientationPortrait UIInterfaceOrientationPortraitUpsideDown UIInterfaceOrientationLandscapeLeft UIInterfaceOrientationLandscapeRight";
				INFOPLIST_KEY_UISupportedInterfaceOrientations_iPhone = "UIInterfaceOrientationPortrait UIInterfaceOrientationLandscapeLeft UIInterfaceOrientationLandscapeRight";
				LD_RUNPATH_SEARCH_PATHS = (
					"$(inherited)",
					"@executable_path/Frameworks",
				);
				MARKETING_VERSION = 1.0;
				PRODUCT_BUNDLE_IDENTIFIER = x.jadeela2;
				PRODUCT_NAME = "$(TARGET_NAME)";
				SWIFT_EMIT_LOC_STRINGS = YES;
				SWIFT_VERSION = 5.0;
				TARGETED_DEVICE_FAMILY = "1,2";
			};
			name = Debug;
		};
		6BE3CEF32B0F38A6009234A2 /* Release */ = {
			isa = XCBuildConfiguration;
			buildSettings = {
				ASSETCATALOG_COMPILER_APPICON_NAME = AppIcon;
				ASSETCATALOG_COMPILER_GLOBAL_ACCENT_COLOR_NAME = AccentColor;
				CODE_SIGN_STYLE = Automatic;
				CURRENT_PROJECT_VERSION = 1;
				DEVELOPMENT_ASSET_PATHS = "\"jadeela/Preview Content\"";
				DEVELOPMENT_TEAM = T739AFC8K5;
				ENABLE_PREVIEWS = YES;
				GENERATE_INFOPLIST_FILE = YES;
				INFOPLIST_KEY_NSCameraUsageDescription = " To take picture and detect your hair.";
				INFOPLIST_KEY_UIApplicationSceneManifest_Generation = YES;
				INFOPLIST_KEY_UIApplicationSupportsIndirectInputEvents = YES;
				INFOPLIST_KEY_UILaunchScreen_Generation = YES;
				INFOPLIST_KEY_UISupportedInterfaceOrientations_iPad = "UIInterfaceOrientationPortrait UIInterfaceOrientationPortraitUpsideDown UIInterfaceOrientationLandscapeLeft UIInterfaceOrientationLandscapeRight";
				INFOPLIST_KEY_UISupportedInterfaceOrientations_iPhone = "UIInterfaceOrientationPortrait UIInterfaceOrientationLandscapeLeft UIInterfaceOrientationLandscapeRight";
				LD_RUNPATH_SEARCH_PATHS = (
					"$(inherited)",
					"@executable_path/Frameworks",
				);
				MARKETING_VERSION = 1.0;
				PRODUCT_BUNDLE_IDENTIFIER = x.jadeela2;
				PRODUCT_NAME = "$(TARGET_NAME)";
				SWIFT_EMIT_LOC_STRINGS = YES;
				SWIFT_VERSION = 5.0;
				TARGETED_DEVICE_FAMILY = "1,2";
			};
			name = Release;
		};
		6BE3CEF52B0F38A6009234A2 /* Debug */ = {
			isa = XCBuildConfiguration;
			buildSettings = {
				ALWAYS_EMBED_SWIFT_STANDARD_LIBRARIES = YES;
				BUNDLE_LOADER = "$(TEST_HOST)";
				CODE_SIGN_STYLE = Automatic;
				CURRENT_PROJECT_VERSION = 1;
				GENERATE_INFOPLIST_FILE = YES;
				IPHONEOS_DEPLOYMENT_TARGET = 17.0;
				MARKETING_VERSION = 1.0;
				PRODUCT_BUNDLE_IDENTIFIER = x.jadeelaTests;
				PRODUCT_NAME = "$(TARGET_NAME)";
				SWIFT_EMIT_LOC_STRINGS = NO;
				SWIFT_VERSION = 5.0;
				TARGETED_DEVICE_FAMILY = "1,2";
				TEST_HOST = "$(BUILT_PRODUCTS_DIR)/jadeela.app/$(BUNDLE_EXECUTABLE_FOLDER_PATH)/jadeela";
			};
			name = Debug;
		};
		6BE3CEF62B0F38A6009234A2 /* Release */ = {
			isa = XCBuildConfiguration;
			buildSettings = {
				ALWAYS_EMBED_SWIFT_STANDARD_LIBRARIES = YES;
				BUNDLE_LOADER = "$(TEST_HOST)";
				CODE_SIGN_STYLE = Automatic;
				CURRENT_PROJECT_VERSION = 1;
				GENERATE_INFOPLIST_FILE = YES;
				IPHONEOS_DEPLOYMENT_TARGET = 17.0;
				MARKETING_VERSION = 1.0;
				PRODUCT_BUNDLE_IDENTIFIER = x.jadeelaTests;
				PRODUCT_NAME = "$(TARGET_NAME)";
				SWIFT_EMIT_LOC_STRINGS = NO;
				SWIFT_VERSION = 5.0;
				TARGETED_DEVICE_FAMILY = "1,2";
				TEST_HOST = "$(BUILT_PRODUCTS_DIR)/jadeela.app/$(BUNDLE_EXECUTABLE_FOLDER_PATH)/jadeela";
			};
			name = Release;
		};
		6BE3CEF82B0F38A6009234A2 /* Debug */ = {
			isa = XCBuildConfiguration;
			buildSettings = {
				ALWAYS_EMBED_SWIFT_STANDARD_LIBRARIES = YES;
				CODE_SIGN_STYLE = Automatic;
				CURRENT_PROJECT_VERSION = 1;
				GENERATE_INFOPLIST_FILE = YES;
				MARKETING_VERSION = 1.0;
				PRODUCT_BUNDLE_IDENTIFIER = x.jadeelaUITests;
				PRODUCT_NAME = "$(TARGET_NAME)";
				SWIFT_EMIT_LOC_STRINGS = NO;
				SWIFT_VERSION = 5.0;
				TARGETED_DEVICE_FAMILY = "1,2";
				TEST_TARGET_NAME = jadeela;
			};
			name = Debug;
		};
		6BE3CEF92B0F38A6009234A2 /* Release */ = {
			isa = XCBuildConfiguration;
			buildSettings = {
				ALWAYS_EMBED_SWIFT_STANDARD_LIBRARIES = YES;
				CODE_SIGN_STYLE = Automatic;
				CURRENT_PROJECT_VERSION = 1;
				GENERATE_INFOPLIST_FILE = YES;
				MARKETING_VERSION = 1.0;
				PRODUCT_BUNDLE_IDENTIFIER = x.jadeelaUITests;
				PRODUCT_NAME = "$(TARGET_NAME)";
				SWIFT_EMIT_LOC_STRINGS = NO;
				SWIFT_VERSION = 5.0;
				TARGETED_DEVICE_FAMILY = "1,2";
				TEST_TARGET_NAME = jadeela;
			};
			name = Release;
		};
/* End XCBuildConfiguration section */

/* Begin XCConfigurationList section */
		6BE3CEC82B0F38A5009234A2 /* Build configuration list for PBXProject "jadeela" */ = {
			isa = XCConfigurationList;
			buildConfigurations = (
				6BE3CEEF2B0F38A6009234A2 /* Debug */,
				6BE3CEF02B0F38A6009234A2 /* Release */,
			);
			defaultConfigurationIsVisible = 0;
			defaultConfigurationName = Release;
		};
		6BE3CEF12B0F38A6009234A2 /* Build configuration list for PBXNativeTarget "jadeela" */ = {
			isa = XCConfigurationList;
			buildConfigurations = (
				6BE3CEF22B0F38A6009234A2 /* Debug */,
				6BE3CEF32B0F38A6009234A2 /* Release */,
			);
			defaultConfigurationIsVisible = 0;
			defaultConfigurationName = Release;
		};
		6BE3CEF42B0F38A6009234A2 /* Build configuration list for PBXNativeTarget "jadeelaTests" */ = {
			isa = XCConfigurationList;
			buildConfigurations = (
				6BE3CEF52B0F38A6009234A2 /* Debug */,
				6BE3CEF62B0F38A6009234A2 /* Release */,
			);
			defaultConfigurationIsVisible = 0;
			defaultConfigurationName = Release;
		};
		6BE3CEF72B0F38A6009234A2 /* Build configuration list for PBXNativeTarget "jadeelaUITests" */ = {
			isa = XCConfigurationList;
			buildConfigurations = (
				6BE3CEF82B0F38A6009234A2 /* Debug */,
				6BE3CEF92B0F38A6009234A2 /* Release */,
			);
			defaultConfigurationIsVisible = 0;
			defaultConfigurationName = Release;
		};
/* End XCConfigurationList section */
	};
	rootObject = 6BE3CEC52B0F38A5009234A2 /* Project object */;
}
